
Microsoft Visual Studio Solution File, Format Version 12.00
# Visual Studio Version 17
VisualStudioVersion = 17.4.33103.184
MinimumVisualStudioVersion = 10.0.40219.1
Project("{9A19103F-16F7-4668-BE54-9A1E7A4F7556}") = "RefValue", "RefValue\RefValue.csproj", "{01E949B9-91DA-4BED-BAE4-186DA0B648FB}"
EndProject
Project("{9A19103F-16F7-4668-BE54-9A1E7A4F7556}") = "Cars", "Cars\Cars.csproj", "{67038F10-50A3-4045-9CF5-F6861672ED6D}"
EndProject
Project("{9A19103F-16F7-4668-BE54-9A1E7A4F7556}") = "getSet", "getSet\getSet.csproj", "{A857C1C4-8E58-460A-83CD-B6E7ECB5521E}"
EndProject
Project("{9A19103F-16F7-4668-BE54-9A1E7A4F7556}") = "Inheritance", "Inheritance\Inheritance.csproj", "{61128736-441C-4F83-B530-3F4AD4712D3A}"
EndProject
Project("{9A19103F-16F7-4668-BE54-9A1E7A4F7556}") = "UserInputConsole", "UserInputConsole\UserInputConsole.csproj", "{D9D7BC9B-9677-4FAF-A69C-FFCE966FA17A}"
EndProject
Project("{9A19103F-16F7-4668-BE54-9A1E7A4F7556}") = "Array", "Array\Array.csproj", "{4E155B41-43DF-45C7-AE4B-DF69E23D0235}"
EndProject
Project("{FAE04EC0-301F-11D3-BF4B-00C04F79EFBC}") = "DeepCopy", "DeepCopy\DeepCopy.csproj", "{E311DA11-93E4-4EF5-AC2E-9F14FDAD1CF1}"
EndProject
Global
	GlobalSection(SolutionConfigurationPlatforms) = preSolution
		Debug|Any CPU = Debug|Any CPU
		Release|Any CPU = Release|Any CPU
	EndGlobalSection
	GlobalSection(ProjectConfigurationPlatforms) = postSolution
		{01E949B9-91DA-4BED-BAE4-186DA0B648FB}.Debug|Any CPU.ActiveCfg = Debug|Any CPU
		{01E949B9-91DA-4BED-BAE4-186DA0B648FB}.Debug|Any CPU.Build.0 = Debug|Any CPU
		{01E949B9-91DA-4BED-BAE4-186DA0B648FB}.Release|Any CPU.ActiveCfg = Release|Any CPU
		{01E949B9-91DA-4BED-BAE4-186DA0B648FB}.Release|Any CPU.Build.0 = Release|Any CPU
		{67038F10-50A3-4045-9CF5-F6861672ED6D}.Debug|Any CPU.ActiveCfg = Debug|Any CPU
		{67038F10-50A3-4045-9CF5-F6861672ED6D}.Debug|Any CPU.Build.0 = Debug|Any CPU
		{67038F10-50A3-4045-9CF5-F6861672ED6D}.Release|Any CPU.ActiveCfg = Release|Any CPU
		{67038F10-50A3-4045-9CF5-F6861672ED6D}.Release|Any CPU.Build.0 = Release|Any CPU
		{A857C1C4-8E58-460A-83CD-B6E7ECB5521E}.Debug|Any CPU.ActiveCfg = Debug|Any CPU
		{A857C1C4-8E58-460A-83CD-B6E7ECB5521E}.Debug|Any CPU.Build.0 = Debug|Any CPU
		{A857C1C4-8E58-460A-83CD-B6E7ECB5521E}.Release|Any CPU.ActiveCfg = Release|Any CPU
		{A857C1C4-8E58-460A-83CD-B6E7ECB5521E}.Release|Any CPU.Build.0 = Release|Any CPU
		{61128736-441C-4F83-B530-3F4AD4712D3A}.Debug|Any CPU.ActiveCfg = Debug|Any CPU
		{61128736-441C-4F83-B530-3F4AD4712D3A}.Debug|Any CPU.Build.0 = Debug|Any CPU
		{61128736-441C-4F83-B530-3F4AD4712D3A}.Release|Any CPU.ActiveCfg = Release|Any CPU
		{61128736-441C-4F83-B530-3F4AD4712D3A}.Release|Any CPU.Build.0 = Release|Any CPU
		{D9D7BC9B-9677-4FAF-A69C-FFCE966FA17A}.Debug|Any CPU.ActiveCfg = Debug|Any CPU
		{D9D7BC9B-9677-4FAF-A69C-FFCE966FA17A}.Debug|Any CPU.Build.0 = Debug|Any CPU
		{D9D7BC9B-9677-4FAF-A69C-FFCE966FA17A}.Release|Any CPU.ActiveCfg = Release|Any CPU
		{D9D7BC9B-9677-4FAF-A69C-FFCE966FA17A}.Release|Any CPU.Build.0 = Release|Any CPU
		{4E155B41-43DF-45C7-AE4B-DF69E23D0235}.Debug|Any CPU.ActiveCfg = Debug|Any CPU
		{4E155B41-43DF-45C7-AE4B-DF69E23D0235}.Debug|Any CPU.Build.0 = Debug|Any CPU
		{4E155B41-43DF-45C7-AE4B-DF69E23D0235}.Release|Any CPU.ActiveCfg = Release|Any CPU
		{4E155B41-43DF-45C7-AE4B-DF69E23D0235}.Release|Any CPU.Build.0 = Release|Any CPU
		{E311DA11-93E4-4EF5-AC2E-9F14FDAD1CF1}.Debug|Any CPU.ActiveCfg = Debug|Any CPU
		{E311DA11-93E4-4EF5-AC2E-9F14FDAD1CF1}.Debug|Any CPU.Build.0 = Debug|Any CPU
		{E311DA11-93E4-4EF5-AC2E-9F14FDAD1CF1}.Release|Any CPU.ActiveCfg = Release|Any CPU
		{E311DA11-93E4-4EF5-AC2E-9F14FDAD1CF1}.Release|Any CPU.Build.0 = Release|Any CPU
	EndGlobalSection
	GlobalSection(SolutionProperties) = preSolution
		HideSolutionNode = FALSE
	EndGlobalSection
	GlobalSection(ExtensibilityGlobals) = postSolution
		SolutionGuid = {674E634B-E57E-4E37-8F4A-B758814F4111}
	EndGlobalSection
EndGlobal
